
Microsoft Visual Studio Solution File, Format Version 12.00
# Visual Studio Version 18
VisualStudioVersion = 18.9.12112.369
MinimumVisualStudioVersion = 10.0.40219.1
Project("{E53339B2-1760-4266-BCC7-CA923CBCF16C}") = "docker-compose", "docker-compose.dcproj", "{81DDED9D-158B-E303-5F62-77A2896D2A5A}"
EndProject
Project("{FAE04EC0-301F-11D3-BF4B-00C04F79EFBC}") = "Test.Presentation", "Test.Presentation\Test.Presentation.csproj", "{98338BF8-F915-2826-7EAD-94D72033C21D}"
EndProject
Project("{FAE04EC0-301F-11D3-BF4B-00C04F79EFBC}") = "Test.Domain", "Test.Domain\Test.Domain.csproj", "{F776D452-734B-4AB8-A9BA-874CFAC22A28}"
EndProject
Project("{FAE04EC0-301F-11D3-BF4B-00C04F79EFBC}") = "Test.Application", "Test.Application\Test.Application.csproj", "{A77C70C7-7111-478F-AF55-7044871FD3BE}"
EndProject
Project("{FAE04EC0-301F-11D3-BF4B-00C04F79EFBC}") = "Test.Infrastructure", "Test.Infrastructure\Test.Infrastructure.csproj", "{A3D704EE-CEBA-4FF0-B899-25A17B3C7DC7}"
EndProject
Project("{FAE04EC0-301F-11D3-BF4B-00C04F79EFBC}") = "Test.IntegrationTests", "Test.IntegrationTests\Test.IntegrationTests.csproj", "{B20899A6-B01A-4E62-8519-FEC5E817695D}"
EndProject
Global
	GlobalSection(SolutionConfigurationPlatforms) = preSolution
		Debug|Any CPU = Debug|Any CPU
		Debug|x64 = Debug|x64
		Debug|x86 = Debug|x86
		Release|Any CPU = Release|Any CPU
		Release|x64 = Release|x64
		Release|x86 = Release|x86
	EndGlobalSection
	GlobalSection(ProjectConfigurationPlatforms) = postSolution
		{81DDED9D-158B-E303-5F62-77A2896D2A5A}.Debug|Any CPU.ActiveCfg = Debug|Any CPU
		{81DDED9D-158B-E303-5F62-77A2896D2A5A}.Debug|Any CPU.Build.0 = Debug|Any CPU
		{81DDED9D-158B-E303-5F62-77A2896D2A5A}.Debug|x64.ActiveCfg = Debug|x64
		{81DDED9D-158B-E303-5F62-77A2896D2A5A}.Debug|x86.ActiveCfg = Debug|x86
		{81DDED9D-158B-E303-5F62-77A2896D2A5A}.Release|Any CPU.ActiveCfg = Release|Any CPU
		{81DDED9D-158B-E303-5F62-77A2896D2A5A}.Release|Any CPU.Build.0 = Release|Any CPU
		{81DDED9D-158B-E303-5F62-77A2896D2A5A}.Release|x64.ActiveCfg = Release|x64
		{81DDED9D-158B-E303-5F62-77A2896D2A5A}.Release|x86.ActiveCfg = Release|x86
		{98338BF8-F915-2826-7EAD-94D72033C21D}.Debug|Any CPU.ActiveCfg = Debug|Any CPU
		{98338BF8-F915-2826-7EAD-94D72033C21D}.Debug|Any CPU.Build.0 = Debug|Any CPU
		{98338BF8-F915-2826-7EAD-94D72033C21D}.Debug|x64.ActiveCfg = Debug|Any CPU
		{98338BF8-F915-2826-7EAD-94D72033C21D}.Debug|x64.Build.0 = Debug|Any CPU
		{98338BF8-F915-2826-7EAD-94D72033C21D}.Debug|x86.ActiveCfg = Debug|Any CPU
		{98338BF8-F915-2826-7EAD-94D72033C21D}.Debug|x86.Build.0 = Debug|Any CPU
		{98338BF8-F915-2826-7EAD-94D72033C21D}.Release|Any CPU.ActiveCfg = Release|Any CPU
		{98338BF8-F915-2826-7EAD-94D72033C21D}.Release|Any CPU.Build.0 = Release|Any CPU
		{98338BF8-F915-2826-7EAD-94D72033C21D}.Release|x64.ActiveCfg = Release|Any CPU
		{98338BF8-F915-2826-7EAD-94D72033C21D}.Release|x64.Build.0 = Release|Any CPU
		{98338BF8-F915-2826-7EAD-94D72033C21D}.Release|x86.ActiveCfg = Release|Any CPU
		{98338BF8-F915-2826-7EAD-94D72033C21D}.Release|x86.Build.0 = Release|Any CPU
		{F776D452-734B-4AB8-A9BA-874CFAC22A28}.Debug|Any CPU.ActiveCfg = Debug|Any CPU
		{F776D452-734B-4AB8-A9BA-874CFAC22A28}.Debug|Any CPU.Build.0 = Debug|Any CPU
		{F776D452-734B-4AB8-A9BA-874CFAC22A28}.Debug|x64.ActiveCfg = Debug|Any CPU
		{F776D452-734B-4AB8-A9BA-874CFAC22A28}.Debug|x64.Build.0 = Debug|Any CPU
		{F776D452-734B-4AB8-A9BA-874CFAC22A28}.Debug|x86.ActiveCfg = Debug|Any CPU
		{F776D452-734B-4AB8-A9BA-874CFAC22A28}.Debug|x86.Build.0 = Debug|Any CPU
		{F776D452-734B-4AB8-A9BA-874CFAC22A28}.Release|Any CPU.ActiveCfg = Release|Any CPU
		{F776D452-734B-4AB8-A9BA-874CFAC22A28}.Release|Any CPU.Build.0 = Release|Any CPU
		{F776D452-734B-4AB8-A9BA-874CFAC22A28}.Release|x64.ActiveCfg = Release|Any CPU
		{F776D452-734B-4AB8-A9BA-874CFAC22A28}.Release|x64.Build.0 = Release|Any CPU
		{F776D452-734B-4AB8-A9BA-874CFAC22A28}.Release|x86.ActiveCfg = Release|Any CPU
		{F776D452-734B-4AB8-A9BA-874CFAC22A28}.Release|x86.Build.0 = Release|Any CPU
		{A77C70C7-7111-478F-AF55-7044871FD3BE}.Debug|Any CPU.ActiveCfg = Debug|Any CPU
		{A77C70C7-7111-478F-AF55-7044871FD3BE}.Debug|Any CPU.Build.0 = Debug|Any CPU
		{A77C70C7-7111-478F-AF55-7044871FD3BE}.Debug|x64.ActiveCfg = Debug|Any CPU
		{A77C70C7-7111-478F-AF55-7044871FD3BE}.Debug|x64.Build.0 = Debug|Any CPU
		{A77C70C7-7111-478F-AF55-7044871FD3BE}.Debug|x86.ActiveCfg = Debug|Any CPU
		{A77C70C7-7111-478F-AF55-7044871FD3BE}.Debug|x86.Build.0 = Debug|Any CPU
		{A77C70C7-7111-478F-AF55-7044871FD3BE}.Release|Any CPU.ActiveCfg = Release|Any CPU
		{A77C70C7-7111-478F-AF55-7044871FD3BE}.Release|Any CPU.Build.0 = Release|Any CPU
		{A77C70C7-7111-478F-AF55-7044871FD3BE}.Release|x64.ActiveCfg = Release|Any CPU
		{A77C70C7-7111-478F-AF55-7044871FD3BE}.Release|x64.Build.0 = Release|Any CPU
		{A77C70C7-7111-478F-AF55-7044871FD3BE}.Release|x86.ActiveCfg = Release|Any CPU
		{A77C70C7-7111-478F-AF55-7044871FD3BE}.Release|x86.Build.0 = Release|Any CPU
		{A3D704EE-CEBA-4FF0-B899-25A17B3C7DC7}.Debug|Any CPU.ActiveCfg = Debug|Any CPU
		{A3D704EE-CEBA-4FF0-B899-25A17B3C7DC7}.Debug|Any CPU.Build.0 = Debug|Any CPU
		{A3D704EE-CEBA-4FF0-B899-25A17B3C7DC7}.Debug|x64.ActiveCfg = Debug|Any CPU
		{A3D704EE-CEBA-4FF0-B899-25A17B3C7DC7}.Debug|x64.Build.0 = Debug|Any CPU
		{A3D704EE-CEBA-4FF0-B899-25A17B3C7DC7}.Debug|x86.ActiveCfg = Debug|Any CPU
		{A3D704EE-CEBA-4FF0-B899-25A17B3C7DC7}.Debug|x86.Build.0 = Debug|Any CPU
		{A3D704EE-CEBA-4FF0-B899-25A17B3C7DC7}.Release|Any CPU.ActiveCfg = Release|Any CPU
		{A3D704EE-CEBA-4FF0-B899-25A17B3C7DC7}.Release|Any CPU.Build.0 = Release|Any CPU
		{A3D704EE-CEBA-4FF0-B899-25A17B3C7DC7}.Release|x64.ActiveCfg = Release|Any CPU
		{A3D704EE-CEBA-4FF0-B899-25A17B3C7DC7}.Release|x64.Build.0 = Release|Any CPU
		{A3D704EE-CEBA-4FF0-B899-25A17B3C7DC7}.Release|x86.ActiveCfg = Release|Any CPU
		{A3D704EE-CEBA-4FF0-B899-25A17B3C7DC7}.Release|x86.Build.0 = Release|Any CPU
		{B20899A6-B01A-4E62-8519-FEC5E817695D}.Debug|Any CPU.ActiveCfg = Debug|Any CPU
		{B20899A6-B01A-4E62-8519-FEC5E817695D}.Debug|Any CPU.Build.0 = Debug|Any CPU
		{B20899A6-B01A-4E62-8519-FEC5E817695D}.Debug|x64.ActiveCfg = Debug|Any CPU
		{B20899A6-B01A-4E62-8519-FEC5E817695D}.Debug|x64.Build.0 = Debug|Any CPU
		{B20899A6-B01A-4E62-8519-FEC5E817695D}.Debug|x86.ActiveCfg = Debug|Any CPU
		{B20899A6-B01A-4E62-8519-FEC5E817695D}.Debug|x86.Build.0 = Debug|Any CPU
		{B20899A6-B01A-4E62-8519-FEC5E817695D}.Release|Any CPU.ActiveCfg = Release|Any CPU
		{B20899A6-B01A-4E62-8519-FEC5E817695D}.Release|Any CPU.Build.0 = Release|Any CPU
		{B20899A6-B01A-4E62-8519-FEC5E817695D}.Release|x64.ActiveCfg = Release|Any CPU
		{B20899A6-B01A-4E62-8519-FEC5E817695D}.Release|x64.Build.0 = Release|Any CPU
		{B20899A6-B01A-4E62-8519-FEC5E817695D}.Release|x86.ActiveCfg = Release|Any CPU
		{B20899A6-B01A-4E62-8519-FEC5E817695D}.Release|x86.Build.0 = Release|Any CPU
	EndGlobalSection
	GlobalSection(SolutionProperties) = preSolution
		HideSolutionNode = FALSE
	EndGlobalSection
	GlobalSection(ExtensibilityGlobals) = postSolution
		SolutionGuid = {0EF7E0C3-A733-44C0-89DD-8AA2A72D7ADB}
	EndGlobalSection
EndGlobal
